schema: '2.0'
stages:
  prepare:
    cmd: python src/prepare.py
    deps:
    - path: src/prepare.py
      hash: md5
      md5: a647aca41ab2b8ad73e83b2bae9d120b
      size: 351
    outs:
    - path: data/raw
      hash: md5
      md5: ef4a9fac2897e2992768d71dd539610a.dir
      size: 30869925
      nfiles: 1
  preprocess:
    cmd: python src/preprocess.py
    deps:
    - path: data/raw
      hash: md5
      md5: ef4a9fac2897e2992768d71dd539610a.dir
      size: 30869925
      nfiles: 1
    - path: src/preprocess.py
      hash: md5
      md5: 593f7a35b37d33201b3ee331ff83fd4b
      size: 848
    params:
      params.yaml:
        preprocess.seed: 42
        preprocess.test_size: 0.2
    outs:
    - path: data/processed
      hash: md5
      md5: 01345a5c1eca0ba55a0957f5adf8e7fa.dir
      size: 45652467
      nfiles: 1
  train:
    cmd: python src/train.py
    deps:
    - path: data/processed
      hash: md5
      md5: 01345a5c1eca0ba55a0957f5adf8e7fa.dir
      size: 45652467
      nfiles: 1
    - path: src/train.py
      hash: md5
      md5: d55c9f5ed43076b62c20240a7beb074a
      size: 966
    params:
      params.yaml:
        train:
          dense_units: 256
          dropout_rate: 0.3
          learning_rate: 0.001
          epochs: 20
          batch_size: 64
    outs:
    - path: models/history.csv
      hash: md5
      md5: 90854c293d6ebc1c3b6a0266f411cba4
      size: 1584
    - path: models/model.h5
      hash: md5
      md5: e5f46c019e01865078c08768034c68e5
      size: 2466904
  evaluate:
    cmd: python src/evaluate.py
    deps:
    - path: data/processed
      hash: md5
      md5: 01345a5c1eca0ba55a0957f5adf8e7fa.dir
      size: 45652467
      nfiles: 1
    - path: models/model.h5
      hash: md5
      md5: e5f46c019e01865078c08768034c68e5
      size: 2466904
    - path: src/evaluate.py
      hash: md5
      md5: d0f1ed1216abba926e92aa7cbcb66e68
      size: 776
    outs:
    - path: confusion_matrix.png
      hash: md5
      md5: 56e3963376e066dac21e01587880a291
      size: 53638
    - path: metrics.json
      hash: md5
      md5: ea71aa9de3716732f834dec0784d36cd
      size: 80
